
Microsoft Visual Studio Solution File, Format Version 12.00
# Visual Studio 14
VisualStudioVersion = 14.0.25420.1
MinimumVisualStudioVersion = 10.0.40219.1
Project("{FAE04EC0-301F-11D3-BF4B-00C04F79EFBC}") = "AlquilerVJ.Web", "AlquilerVJ.Web\AlquilerVJ.Web.csproj", "{94C8593F-DBB3-490D-ABA1-1AD920DA7DF7}"
EndProject
Project("{FAE04EC0-301F-11D3-BF4B-00C04F79EFBC}") = "AlquilerVJ.WebAdmin", "AlquilerVJ.WebAdmin\AlquilerVJ.WebAdmin.csproj", "{2E75759C-1B31-4509-8412-D3E27664DBBB}"
EndProject
Project("{FAE04EC0-301F-11D3-BF4B-00C04F79EFBC}") = "AlquilerVJ.Win", "AlquilerVJ.Win\AlquilerVJ.Win.csproj", "{896B6F58-4738-400F-A17F-8DD4E95B9CB0}"
EndProject
Project("{FAE04EC0-301F-11D3-BF4B-00C04F79EFBC}") = "AlquilerVJ.BL", "AlquilerVJ.BL\AlquilerVJ.BL.csproj", "{82EDFAE0-3A69-46E0-AB3A-C4B42356E89E}"
EndProject
Global
	GlobalSection(SolutionConfigurationPlatforms) = preSolution
		Debug|Any CPU = Debug|Any CPU
		Release|Any CPU = Release|Any CPU
	EndGlobalSection
	GlobalSection(ProjectConfigurationPlatforms) = postSolution
		{94C8593F-DBB3-490D-ABA1-1AD920DA7DF7}.Debug|Any CPU.ActiveCfg = Debug|Any CPU
		{94C8593F-DBB3-490D-ABA1-1AD920DA7DF7}.Debug|Any CPU.Build.0 = Debug|Any CPU
		{94C8593F-DBB3-490D-ABA1-1AD920DA7DF7}.Release|Any CPU.ActiveCfg = Release|Any CPU
		{94C8593F-DBB3-490D-ABA1-1AD920DA7DF7}.Release|Any CPU.Build.0 = Release|Any CPU
		{2E75759C-1B31-4509-8412-D3E27664DBBB}.Debug|Any CPU.ActiveCfg = Debug|Any CPU
		{2E75759C-1B31-4509-8412-D3E27664DBBB}.Debug|Any CPU.Build.0 = Debug|Any CPU
		{2E75759C-1B31-4509-8412-D3E27664DBBB}.Release|Any CPU.ActiveCfg = Release|Any CPU
		{2E75759C-1B31-4509-8412-D3E27664DBBB}.Release|Any CPU.Build.0 = Release|Any CPU
		{896B6F58-4738-400F-A17F-8DD4E95B9CB0}.Debug|Any CPU.ActiveCfg = Debug|Any CPU
		{896B6F58-4738-400F-A17F-8DD4E95B9CB0}.Debug|Any CPU.Build.0 = Debug|Any CPU
		{896B6F58-4738-400F-A17F-8DD4E95B9CB0}.Release|Any CPU.ActiveCfg = Release|Any CPU
		{896B6F58-4738-400F-A17F-8DD4E95B9CB0}.Release|Any CPU.Build.0 = Release|Any CPU
		{82EDFAE0-3A69-46E0-AB3A-C4B42356E89E}.Debug|Any CPU.ActiveCfg = Debug|Any CPU
		{82EDFAE0-3A69-46E0-AB3A-C4B42356E89E}.Debug|Any CPU.Build.0 = Debug|Any CPU
		{82EDFAE0-3A69-46E0-AB3A-C4B42356E89E}.Release|Any CPU.ActiveCfg = Release|Any CPU
		{82EDFAE0-3A69-46E0-AB3A-C4B42356E89E}.Release|Any CPU.Build.0 = Release|Any CPU
	EndGlobalSection
	GlobalSection(SolutionProperties) = preSolution
		HideSolutionNode = FALSE
	EndGlobalSection
EndGlobal
